dependencies:
  espressif/mdns:
    component_hash: e81ca7a7f53ea34e78274df054da692c272e1315572876b237b1748e267c013b
    dependencies:
    - name: idf
      require: private
      version: '>=5.0'
    source:
      registry_url: https://components.espressif.com/
      type: service
    version: 1.11.3
  idf:
    source:
      type: idf
    version: 5.2.3
direct_dependencies:
- espressif/mdns
manifest_hash: 798091dd3eb40caad7bcf4876dc36c69c0eefd45abd1722e3e7ecf664355c2c3
target: esp32
version: 2.0.0
